// !$*UTF8*$!
{
	archiveVersion = 1;
	classes = {
	};
	objectVersion = 50;
	objects = {

/* Begin PBXBuildFile section */
		BFC199702413AC29009D0E10 /* AppDelegate.swift in Sources */ = {isa = PBXBuildFile; fileRef = BFC1996F2413AC29009D0E10 /* AppDelegate.swift */; };
		BFC199722413AC29009D0E10 /* SceneDelegate.swift in Sources */ = {isa = PBXBuildFile; fileRef = BFC199712413AC29009D0E10 /* SceneDelegate.swift */; };
		BFC199742413AC29009D0E10 /* ContentView.swift in Sources */ = {isa = PBXBuildFile; fileRef = BFC199732413AC29009D0E10 /* ContentView.swift */; };
		BFC199762413AC2B009D0E10 /* Assets.xcassets in Resources */ = {isa = PBXBuildFile; fileRef = BFC199752413AC2B009D0E10 /* Assets.xcassets */; };
		BFC199792413AC2B009D0E10 /* Preview Assets.xcassets in Resources */ = {isa = PBXBuildFile; fileRef = BFC199782413AC2B009D0E10 /* Preview Assets.xcassets */; };
		BFC1997C2413AC2B009D0E10 /* LaunchScreen.storyboard in Resources */ = {isa = PBXBuildFile; fileRef = BFC1997A2413AC2B009D0E10 /* LaunchScreen.storyboard */; };
		BFC199872413AC2C009D0E10 /* testTests.swift in Sources */ = {isa = PBXBuildFile; fileRef = BFC199862413AC2C009D0E10 /* testTests.swift */; };
		BFC199922413AC2C009D0E10 /* testUITests.swift in Sources */ = {isa = PBXBuildFile; fileRef = BFC199912413AC2C009D0E10 /* testUITests.swift */; };
/* End PBXBuildFile section */

/* Begin PBXContainerItemProxy section */
		BFC199832413AC2C009D0E10 /* PBXContainerItemProxy */ = {
			isa = PBXContainerItemProxy;
			containerPortal = BFC199642413AC29009D0E10 /* Project object */;
			proxyType = 1;
			remoteGlobalIDString = BFC1996B2413AC29009D0E10;
			remoteInfo = test;
		};
		BFC1998E2413AC2C009D0E10 /* PBXContainerItemProxy */ = {
			isa = PBXContainerItemProxy;
			containerPortal = BFC199642413AC29009D0E10 /* Project object */;
			proxyType = 1;
			remoteGlobalIDString = BFC1996B2413AC29009D0E10;
			remoteInfo = test;
		};
/* End PBXContainerItemProxy section */

/* Begin PBXFileReference section */
		BFC1996C2413AC29009D0E10 /* test.app */ = {isa = PBXFileReference; explicitFileType = wrapper.application; includeInIndex = 0; path = test.app; sourceTree = BUILT_PRODUCTS_DIR; };
		BFC1996F2413AC29009D0E10 /* AppDelegate.swift */ = {isa = PBXFileReference; lastKnownFileType = sourcecode.swift; path = AppDelegate.swift; sourceTree = "<group>"; };
		BFC199712413AC29009D0E10 /* SceneDelegate.swift */ = {isa = PBXFileReference; lastKnownFileType = sourcecode.swift; path = SceneDelegate.swift; sourceTree = "<group>"; };
		BFC199732413AC29009D0E10 /* ContentView.swift */ = {isa = PBXFileReference; lastKnownFileType = sourcecode.swift; path = ContentView.swift; sourceTree = "<group>"; };
		BFC199752413AC2B009D0E10 /* Assets.xcassets */ = {isa = PBXFileReference; lastKnownFileType = folder.assetcatalog; path = Assets.xcassets; sourceTree = "<group>"; };
		BFC199782413AC2B009D0E10 /* Preview Assets.xcassets */ = {isa = PBXFileReference; lastKnownFileType = folder.assetcatalog; path = "Preview Assets.xcassets"; sourceTree = "<group>"; };
		BFC1997B2413AC2B009D0E10 /* Base */ = {isa = PBXFileReference; lastKnownFileType = file.storyboard; name = Base; path = Base.lproj/LaunchScreen.storyboard; sourceTree = "<group>"; };
		BFC1997D2413AC2B009D0E10 /* Info.plist */ = {isa = PBXFileReference; lastKnownFileType = text.plist.xml; path = Info.plist; sourceTree = "<group>"; };
		BFC199822413AC2C009D0E10 /* testTests.xctest */ = {isa = PBXFileReference; explicitFileType = wrapper.cfbundle; includeInIndex = 0; path = testTests.xctest; sourceTree = BUILT_PRODUCTS_DIR; };
		BFC199862413AC2C009D0E10 /* testTests.swift */ = {isa = PBXFileReference; lastKnownFileType = sourcecode.swift; path = testTests.swift; sourceTree = "<group>"; };
		BFC199882413AC2C009D0E10 /* Info.plist */ = {isa = PBXFileReference; lastKnownFileType = text.plist.xml; path = Info.plist; sourceTree = "<group>"; };
		BFC1998D2413AC2C009D0E10 /* testUITests.xctest */ = {isa = PBXFileReference; explicitFileType = wrapper.cfbundle; includeInIndex = 0; path = testUITests.xctest; sourceTree = BUILT_PRODUCTS_DIR; };
		BFC199912413AC2C009D0E10 /* testUITests.swift */ = {isa = PBXFileReference; lastKnownFileType = sourcecode.swift; path = testUITests.swift; sourceTree = "<group>"; };
		BFC199932413AC2C009D0E10 /* Info.plist */ = {isa = PBXFileReference; lastKnownFileType = text.plist.xml; path = Info.plist; sourceTree = "<group>"; };
/* End PBXFileReference section */

/* Begin PBXFrameworksBuildPhase section */
		BFC199692413AC29009D0E10 /* Frameworks */ = {
			isa = PBXFrameworksBuildPhase;
			buildActionMask = 2147483647;
			files = (
			);
			runOnlyForDeploymentPostprocessing = 0;
		};
		BFC1997F2413AC2C009D0E10 /* Frameworks */ = {
			isa = PBXFrameworksBuildPhase;
			buildActionMask = 2147483647;
			files = (
			);
			runOnlyForDeploymentPostprocessing = 0;
		};
		BFC1998A2413AC2C009D0E10 /* Frameworks */ = {
			isa = PBXFrameworksBuildPhase;
			buildActionMask = 2147483647;
			files = (
			);
			runOnlyForDeploymentPostprocessing = 0;
		};
/* End PBXFrameworksBuildPhase section */

/* Begin PBXGroup section */
		BFC199632413AC29009D0E10 = {
			isa = PBXGroup;
			children = (
				BFC1996E2413AC29009D0E10 /* test */,
				BFC199852413AC2C009D0E10 /* testTests */,
				BFC199902413AC2C009D0E10 /* testUITests */,
				BFC1996D2413AC29009D0E10 /* Products */,
			);
			sourceTree = "<group>";
		};
		BFC1996D2413AC29009D0E10 /* Products */ = {
			isa = PBXGroup;
			children = (
				BFC1996C2413AC29009D0E10 /* test.app */,
				BFC199822413AC2C009D0E10 /* testTests.xctest */,
				BFC1998D2413AC2C009D0E10 /* testUITests.xctest */,
			);
			name = Products;
			sourceTree = "<group>";
		};
		BFC1996E2413AC29009D0E10 /* test */ = {
			isa = PBXGroup;
			children = (
				BFC1996F2413AC29009D0E10 /* AppDelegate.swift */,
				BFC199712413AC29009D0E10 /* SceneDelegate.swift */,
				BFC199732413AC29009D0E10 /* ContentView.swift */,
				BFC199752413AC2B009D0E10 /* Assets.xcassets */,
				BFC1997A2413AC2B009D0E10 /* LaunchScreen.storyboard */,
				BFC1997D2413AC2B009D0E10 /* Info.plist */,
				BFC199772413AC2B009D0E10 /* Preview Content */,
			);
			path = test;
			sourceTree = "<group>";
		};
		BFC199772413AC2B009D0E10 /* Preview Content */ = {
			isa = PBXGroup;
			children = (
				BFC199782413AC2B009D0E10 /* Preview Assets.xcassets */,
			);
			path = "Preview Content";
			sourceTree = "<group>";
		};
		BFC199852413AC2C009D0E10 /* testTests */ = {
			isa = PBXGroup;
			children = (
				BFC199862413AC2C009D0E10 /* testTests.swift */,
				BFC199882413AC2C009D0E10 /* Info.plist */,
			);
			path = testTests;
			sourceTree = "<group>";
		};
		BFC199902413AC2C009D0E10 /* testUITests */ = {
			isa = PBXGroup;
			children = (
				BFC199912413AC2C009D0E10 /* testUITests.swift */,
				BFC199932413AC2C009D0E10 /* Info.plist */,
			);
			path = testUITests;
			sourceTree = "<group>";
		};
/* End PBXGroup section */

/* Begin PBXNativeTarget section */
		BFC1996B2413AC29009D0E10 /* test */ = {
			isa = PBXNativeTarget;
			buildConfigurationList = BFC199962413AC2C009D0E10 /* Build configuration list for PBXNativeTarget "test" */;
			buildPhases = (
				BFC199682413AC29009D0E10 /* Sources */,
				BFC199692413AC29009D0E10 /* Frameworks */,
				BFC1996A2413AC29009D0E10 /* Resources */,
			);
			buildRules = (
			);
			dependencies = (
			);
			name = test;
			productName = test;
			productReference = BFC1996C2413AC29009D0E10 /* test.app */;
			productType = "com.apple.product-type.application";
		};
		BFC199812413AC2C009D0E10 /* testTests */ = {
			isa = PBXNativeTarget;
			buildConfigurationList = BFC199992413AC2C009D0E10 /* Build configuration list for PBXNativeTarget "testTests" */;
			buildPhases = (
				BFC1997E2413AC2C009D0E10 /* Sources */,
				BFC1997F2413AC2C009D0E10 /* Frameworks */,
				BFC199802413AC2C009D0E10 /* Resources */,
			);
			buildRules = (
			);
			dependencies = (
				BFC199842413AC2C009D0E10 /* PBXTargetDependency */,
			);
			name = testTests;
			productName = testTests;
			productReference = BFC199822413AC2C009D0E10 /* testTests.xctest */;
			productType = "com.apple.product-type.bundle.unit-test";
		};
		BFC1998C2413AC2C009D0E10 /* testUITests */ = {
			isa = PBXNativeTarget;
			buildConfigurationList = BFC1999C2413AC2C009D0E10 /* Build configuration list for PBXNativeTarget "testUITests" */;
			buildPhases = (
				BFC199892413AC2C009D0E10 /* Sources */,
				BFC1998A2413AC2C009D0E10 /* Frameworks */,
				BFC1998B2413AC2C009D0E10 /* Resources */,
			);
			buildRules = (
			);
			dependencies = (
				BFC1998F2413AC2C009D0E10 /* PBXTargetDependency */,
			);
			name = testUITests;
			productName = testUITests;
			productReference = BFC1998D2413AC2C009D0E10 /* testUITests.xctest */;
			productType = "com.apple.product-type.bundle.ui-testing";
		};
/* End PBXNativeTarget section */

/* Begin PBXProject section */
		BFC199642413AC29009D0E10 /* Project object */ = {
			isa = PBXProject;
			attributes = {
				LastSwiftUpdateCheck = 1130;
				LastUpgradeCheck = 1130;
				ORGANIZATIONNAME = one;
				TargetAttributes = {
					BFC1996B2413AC29009D0E10 = {
						CreatedOnToolsVersion = 11.3.1;
					};
					BFC199812413AC2C009D0E10 = {
						CreatedOnToolsVersion = 11.3.1;
						TestTargetID = BFC1996B2413AC29009D0E10;
					};
					BFC1998C2413AC2C009D0E10 = {
						CreatedOnToolsVersion = 11.3.1;
						TestTargetID = BFC1996B2413AC29009D0E10;
					};
				};
			};
			buildConfigurationList = BFC199672413AC29009D0E10 /* Build configuration list for PBXProject "test" */;
			compatibilityVersion = "Xcode 9.3";
			developmentRegion = en;
			hasScannedForEncodings = 0;
			knownRegions = (
				en,
				Base,
			);
			mainGroup = BFC199632413AC29009D0E10;
			productRefGroup = BFC1996D2413AC29009D0E10 /* Products */;
			projectDirPath = "";
			projectRoot = "";
			targets = (
				BFC1996B2413AC29009D0E10 /* test */,
				BFC199812413AC2C009D0E10 /* testTests */,
				BFC1998C2413AC2C009D0E10 /* testUITests */,
			);
		};
/* End PBXProject section */

/* Begin PBXResourcesBuildPhase section */
		BFC1996A2413AC29009D0E10 /* Resources */ = {
			isa = PBXResourcesBuildPhase;
			buildActionMask = 2147483647;
			files = (
				BFC1997C2413AC2B009D0E10 /* LaunchScreen.storyboard in Resources */,
				BFC199792413AC2B009D0E10 /* Preview Assets.xcassets in Resources */,
				BFC199762413AC2B009D0E10 /* Assets.xcassets in Resources */,
			);
			runOnlyForDeploymentPostprocessing = 0;
		};
		BFC199802413AC2C009D0E10 /* Resources */ = {
			isa = PBXResourcesBuildPhase;
			buildActionMask = 2147483647;
			files = (
			);
			runOnlyForDeploymentPostprocessing = 0;
		};
		BFC1998B2413AC2C009D0E10 /* Resources */ = {
			isa = PBXResourcesBuildPhase;
			buildActionMask = 2147483647;
			files = (
			);
			runOnlyForDeploymentPostprocessing = 0;
		};
/* End PBXResourcesBuildPhase section */

/* Begin PBXSourcesBuildPhase section */
		BFC199682413AC29009D0E10 /* Sources */ = {
			isa = PBXSourcesBuildPhase;
			buildActionMask = 2147483647;
			files = (
				BFC199702413AC29009D0E10 /* AppDelegate.swift in Sources */,
				BFC199722413AC29009D0E10 /* SceneDelegate.swift in Sources */,
				BFC199742413AC29009D0E10 /* ContentView.swift in Sources */,
			);
			runOnlyForDeploymentPostprocessing = 0;
		};
		BFC1997E2413AC2C009D0E10 /* Sources */ = {
			isa = PBXSourcesBuildPhase;
			buildActionMask = 2147483647;
			files = (
				BFC199872413AC2C009D0E10 /* testTests.swift in Sources */,
			);
			runOnlyForDeploymentPostprocessing = 0;
		};
		BFC199892413AC2C009D0E10 /* Sources */ = {
			isa = PBXSourcesBuildPhase;
			buildActionMask = 2147483647;
			files = (
				BFC199922413AC2C009D0E10 /* testUITests.swift in Sources */,
			);
			runOnlyForDeploymentPostprocessing = 0;
		};
/* End PBXSourcesBuildPhase section */

/* Begin PBXTargetDependency section */
		BFC199842413AC2C009D0E10 /* PBXTargetDependency */ = {
			isa = PBXTargetDependency;
			target = BFC1996B2413AC29009D0E10 /* test */;
			targetProxy = BFC199832413AC2C009D0E10 /* PBXContainerItemProxy */;
		};
		BFC1998F2413AC2C009D0E10 /* PBXTargetDependency */ = {
			isa = PBXTargetDependency;
			target = BFC1996B2413AC29009D0E10 /* test */;
			targetProxy = BFC1998E2413AC2C009D0E10 /* PBXContainerItemProxy */;
		};
/* End PBXTargetDependency section */

/* Begin PBXVariantGroup section */
		BFC1997A2413AC2B009D0E10 /* LaunchScreen.storyboard */ = {
			isa = PBXVariantGroup;
			children = (
				BFC1997B2413AC2B009D0E10 /* Base */,
			);
			name = LaunchScreen.storyboard;
			sourceTree = "<group>";
		};
/* End PBXVariantGroup section */

/* Begin XCBuildConfiguration section */
		BFC199942413AC2C009D0E10 /* Debug */ = {
			isa = XCBuildConfiguration;
			buildSettings = {
				ALWAYS_SEARCH_USER_PATHS = NO;
				CLANG_ANALYZER_NONNULL = YES;
				CLANG_ANALYZER_NUMBER_OBJECT_CONVERSION = YES_AGGRESSIVE;
				CLANG_CXX_LANGUAGE_STANDARD = "gnu++14";
				CLANG_CXX_LIBRARY = "libc++";
				CLANG_ENABLE_MODULES = YES;
				CLANG_ENABLE_OBJC_ARC = YES;
				CLANG_ENABLE_OBJC_WEAK = YES;
				CLANG_WARN_BLOCK_CAPTURE_AUTORELEASING = YES;
				CLANG_WARN_BOOL_CONVERSION = YES;
				CLANG_WARN_COMMA = YES;
				CLANG_WARN_CONSTANT_CONVERSION = YES;
				CLANG_WARN_DEPRECATED_OBJC_IMPLEMENTATIONS = YES;
				CLANG_WARN_DIRECT_OBJC_ISA_USAGE = YES_ERROR;
				CLANG_WARN_DOCUMENTATION_COMMENTS = YES;
				CLANG_WARN_EMPTY_BODY = YES;
				CLANG_WARN_ENUM_CONVERSION = YES;
				CLANG_WARN_INFINITE_RECURSION = YES;
				CLANG_WARN_INT_CONVERSION = YES;
				CLANG_WARN_NON_LITERAL_NULL_CONVERSION = YES;
				CLANG_WARN_OBJC_IMPLICIT_RETAIN_SELF = YES;
				CLANG_WARN_OBJC_LITERAL_CONVERSION = YES;
				CLANG_WARN_OBJC_ROOT_CLASS = YES_ERROR;
				CLANG_WARN_RANGE_LOOP_ANALYSIS = YES;
				CLANG_WARN_STRICT_PROTOTYPES = YES;
				CLANG_WARN_SUSPICIOUS_MOVE = YES;
				CLANG_WARN_UNGUARDED_AVAILABILITY = YES_AGGRESSIVE;
				CLANG_WARN_UNREACHABLE_CODE = YES;
				CLANG_WARN__DUPLICATE_METHOD_MATCH = YES;
				COPY_PHASE_STRIP = NO;
				DEBUG_INFORMATION_FORMAT = dwarf;
				ENABLE_STRICT_OBJC_MSGSEND = YES;
				ENABLE_TESTABILITY = YES;
				GCC_C_LANGUAGE_STANDARD = gnu11;
				GCC_DYNAMIC_NO_PIC = NO;
				GCC_NO_COMMON_BLOCKS = YES;
				GCC_OPTIMIZATION_LEVEL = 0;
				GCC_PREPROCESSOR_DEFINITIONS = (
					"DEBUG=1",
					"$(inherited)",
				);
				GCC_WARN_64_TO_32_BIT_CONVERSION = YES;
				GCC_WARN_ABOUT_RETURN_TYPE = YES_ERROR;
				GCC_WARN_UNDECLARED_SELECTOR = YES;
				GCC_WARN_UNINITIALIZED_AUTOS = YES_AGGRESSIVE;
				GCC_WARN_UNUSED_FUNCTION = YES;
				GCC_WARN_UNUSED_VARIABLE = YES;
				IPHONEOS_DEPLOYMENT_TARGET = 13.2;
				MTL_ENABLE_DEBUG_INFO = INCLUDE_SOURCE;
				MTL_FAST_MATH = YES;
				ONLY_ACTIVE_ARCH = YES;
				SDKROOT = iphoneos;
				SWIFT_ACTIVE_COMPILATION_CONDITIONS = DEBUG;
				SWIFT_OPTIMIZATION_LEVEL = "-Onone";
			};
			name = Debug;
		};
		BFC199952413AC2C009D0E10 /* Release */ = {
			isa = XCBuildConfiguration;
			buildSettings = {
				ALWAYS_SEARCH_USER_PATHS = NO;
				CLANG_ANALYZER_NONNULL = YES;
				CLANG_ANALYZER_NUMBER_OBJECT_CONVERSION = YES_AGGRESSIVE;
				CLANG_CXX_LANGUAGE_STANDARD = "gnu++14";
				CLANG_CXX_LIBRARY = "libc++";
				CLANG_ENABLE_MODULES = YES;
				CLANG_ENABLE_OBJC_ARC = YES;
				CLANG_ENABLE_OBJC_WEAK = YES;
				CLANG_WARN_BLOCK_CAPTURE_AUTORELEASING = YES;
				CLANG_WARN_BOOL_CONVERSION = YES;
				CLANG_WARN_COMMA = YES;
				CLANG_WARN_CONSTANT_CONVERSION = YES;
				CLANG_WARN_DEPRECATED_OBJC_IMPLEMENTATIONS = YES;
				CLANG_WARN_DIRECT_OBJC_ISA_USAGE = YES_ERROR;
				CLANG_WARN_DOCUMENTATION_COMMENTS = YES;
				CLANG_WARN_EMPTY_BODY = YES;
				CLANG_WARN_ENUM_CONVERSION = YES;
				CLANG_WARN_INFINITE_RECURSION = YES;
				CLANG_WARN_INT_CONVERSION = YES;
				CLANG_WARN_NON_LITERAL_NULL_CONVERSION = YES;
				CLANG_WARN_OBJC_IMPLICIT_RETAIN_SELF = YES;
				CLANG_WARN_OBJC_LITERAL_CONVERSION = YES;
				CLANG_WARN_OBJC_ROOT_CLASS = YES_ERROR;
				CLANG_WARN_RANGE_LOOP_ANALYSIS = YES;
				CLANG_WARN_STRICT_PROTOTYPES = YES;
				CLANG_WARN_SUSPICIOUS_MOVE = YES;
				CLANG_WARN_UNGUARDED_AVAILABILITY = YES_AGGRESSIVE;
				CLANG_WARN_UNREACHABLE_CODE = YES;
				CLANG_WARN__DUPLICATE_METHOD_MATCH = YES;
				COPY_PHASE_STRIP = NO;
				DEBUG_INFORMATION_FORMAT = "dwarf-with-dsym";
				ENABLE_NS_ASSERTIONS = NO;
				ENABLE_STRICT_OBJC_MSGSEND = YES;
				GCC_C_LANGUAGE_STANDARD = gnu11;
				GCC_NO_COMMON_BLOCKS = YES;
				GCC_WARN_64_TO_32_BIT_CONVERSION = YES;
				GCC_WARN_ABOUT_RETURN_TYPE = YES_ERROR;
				GCC_WARN_UNDECLARED_SELECTOR = YES;
				GCC_WARN_UNINITIALIZED_AUTOS = YES_AGGRESSIVE;
				GCC_WARN_UNUSED_FUNCTION = YES;
				GCC_WARN_UNUSED_VARIABLE = YES;
				IPHONEOS_DEPLOYMENT_TARGET = 13.2;
				MTL_ENABLE_DEBUG_INFO = NO;
				MTL_FAST_MATH = YES;
				SDKROOT = iphoneos;
				SWIFT_COMPILATION_MODE = wholemodule;
				SWIFT_OPTIMIZATION_LEVEL = "-O";
				VALIDATE_PRODUCT = YES;
			};
			name = Release;
		};
		BFC199972413AC2C009D0E10 /* Debug */ = {
			isa = XCBuildConfiguration;
			buildSettings = {
				ASSETCATALOG_COMPILER_APPICON_NAME = AppIcon;
				CODE_SIGN_STYLE = Automatic;
				DEVELOPMENT_ASSET_PATHS = "\"test/Preview Content\"";
				ENABLE_PREVIEWS = YES;
				INFOPLIST_FILE = test/Info.plist;
				LD_RUNPATH_SEARCH_PATHS = (
					"$(inherited)",
					"@executable_path/Frameworks",
				);
				PRODUCT_BUNDLE_IDENTIFIER = com.text.test;
				PRODUCT_NAME = "$(TARGET_NAME)";
				SWIFT_VERSION = 5.0;
				TARGETED_DEVICE_FAMILY = "1,2";
			};
			name = Debug;
		};
		BFC199982413AC2C009D0E10 /* Release */ = {
			isa = XCBuildConfiguration;
			buildSettings = {
				ASSETCATALOG_COMPILER_APPICON_NAME = AppIcon;
				CODE_SIGN_STYLE = Automatic;
				DEVELOPMENT_ASSET_PATHS = "\"test/Preview Content\"";
				ENABLE_PREVIEWS = YES;
				INFOPLIST_FILE = test/Info.plist;
				LD_RUNPATH_SEARCH_PATHS = (
					"$(inherited)",
					"@executable_path/Frameworks",
				);
				PRODUCT_BUNDLE_IDENTIFIER = com.text.test;
				PRODUCT_NAME = "$(TARGET_NAME)";
				SWIFT_VERSION = 5.0;
				TARGETED_DEVICE_FAMILY = "1,2";
			};
			name = Release;
		};
		BFC1999A2413AC2C009D0E10 /* Debug */ = {
			isa = XCBuildConfiguration;
			buildSettings = {
				ALWAYS_EMBED_SWIFT_STANDARD_LIBRARIES = YES;
				BUNDLE_LOADER = "$(TEST_HOST)";
				CODE_SIGN_STYLE = Automatic;
				INFOPLIST_FILE = testTests/Info.plist;
				IPHONEOS_DEPLOYMENT_TARGET = 13.2;
				LD_RUNPATH_SEARCH_PATHS = (
					"$(inherited)",
					"@executable_path/Frameworks",
					"@loader_path/Frameworks",
				);
				PRODUCT_BUNDLE_IDENTIFIER = com.text.testTests;
				PRODUCT_NAME = "$(TARGET_NAME)";
				SWIFT_VERSION = 5.0;
				TARGETED_DEVICE_FAMILY = "1,2";
				TEST_HOST = "$(BUILT_PRODUCTS_DIR)/test.app/test";
			};
			name = Debug;
		};
		BFC1999B2413AC2C009D0E10 /* Release */ = {
			isa = XCBuildConfiguration;
			buildSettings = {
				ALWAYS_EMBED_SWIFT_STANDARD_LIBRARIES = YES;
				BUNDLE_LOADER = "$(TEST_HOST)";
				CODE_SIGN_STYLE = Automatic;
				INFOPLIST_FILE = testTests/Info.plist;
				IPHONEOS_DEPLOYMENT_TARGET = 13.2;
				LD_RUNPATH_SEARCH_PATHS = (
					"$(inherited)",
					"@executable_path/Frameworks",
					"@loader_path/Frameworks",
				);
				PRODUCT_BUNDLE_IDENTIFIER = com.text.testTests;
				PRODUCT_NAME = "$(TARGET_NAME)";
				SWIFT_VERSION = 5.0;
				TARGETED_DEVICE_FAMILY = "1,2";
				TEST_HOST = "$(BUILT_PRODUCTS_DIR)/test.app/test";
			};
			name = Release;
		};
		BFC1999D2413AC2C009D0E10 /* Debug */ = {
			isa = XCBuildConfiguration;
			buildSettings = {
				ALWAYS_EMBED_SWIFT_STANDARD_LIBRARIES = YES;
				CODE_SIGN_STYLE = Automatic;
				INFOPLIST_FILE = testUITests/Info.plist;
				LD_RUNPATH_SEARCH_PATHS = (
					"$(inherited)",
					"@executable_path/Frameworks",
					"@loader_path/Frameworks",
				);
				PRODUCT_BUNDLE_IDENTIFIER = com.text.testUITests;
				PRODUCT_NAME = "$(TARGET_NAME)";
				SWIFT_VERSION = 5.0;
				TARGETED_DEVICE_FAMILY = "1,2";
				TEST_TARGET_NAME = test;
			};
			name = Debug;
		};
		BFC1999E2413AC2C009D0E10 /* Release */ = {
			isa = XCBuildConfiguration;
			buildSettings = {
				ALWAYS_EMBED_SWIFT_STANDARD_LIBRARIES = YES;
				CODE_SIGN_STYLE = Automatic;
				INFOPLIST_FILE = testUITests/Info.plist;
				LD_RUNPATH_SEARCH_PATHS = (
					"$(inherited)",
					"@executable_path/Frameworks",
					"@loader_path/Frameworks",
				);
				PRODUCT_BUNDLE_IDENTIFIER = com.text.testUITests;
				PRODUCT_NAME = "$(TARGET_NAME)";
				SWIFT_VERSION = 5.0;
				TARGETED_DEVICE_FAMILY = "1,2";
				TEST_TARGET_NAME = test;
			};
			name = Release;
		};
/* End XCBuildConfiguration section */

/* Begin XCConfigurationList section */
		BFC199672413AC29009D0E10 /* Build configuration list for PBXProject "test" */ = {
			isa = XCConfigurationList;
			buildConfigurations = (
				BFC199942413AC2C009D0E10 /* Debug */,
				BFC199952413AC2C009D0E10 /* Release */,
			);
			defaultConfigurationIsVisible = 0;
			defaultConfigurationName = Release;
		};
		BFC199962413AC2C009D0E10 /* Build configuration list for PBXNativeTarget "test" */ = {
			isa = XCConfigurationList;
			buildConfigurations = (
				BFC199972413AC2C009D0E10 /* Debug */,
				BFC199982413AC2C009D0E10 /* Release */,
			);
			defaultConfigurationIsVisible = 0;
			defaultConfigurationName = Release;
		};
		BFC199992413AC2C009D0E10 /* Build configuration list for PBXNativeTarget "testTests" */ = {
			isa = XCConfigurationList;
			buildConfigurations = (
				BFC1999A2413AC2C009D0E10 /* Debug */,
				BFC1999B2413AC2C009D0E10 /* Release */,
			);
			defaultConfigurationIsVisible = 0;
			defaultConfigurationName = Release;
		};
		BFC1999C2413AC2C009D0E10 /* Build configuration list for PBXNativeTarget "testUITests" */ = {
			isa = XCConfigurationList;
			buildConfigurations = (
				BFC1999D2413AC2C009D0E10 /* Debug */,
				BFC1999E2413AC2C009D0E10 /* Release */,
			);
			defaultConfigurationIsVisible = 0;
			defaultConfigurationName = Release;
		};
/* End XCConfigurationList section */
	};
	rootObject = BFC199642413AC29009D0E10 /* Project object */;
}
